{
  "version": 4,
  "terraform_version": "1.15.8",
  "serial": 2,
  "lineage": "0c8c6e4e-ba7d-d05c-3d96-a851468fcce2",
  "outputs": {
    "ecr_repository_url": {
      "value": "045861053872.dkr.ecr.us-east-1.amazonaws.com/hero-api-assessment",
      "type": "string"
    }
  },
  "resources": [
    {
      "mode": "managed",
      "type": "aws_ecr_repository",
      "name": "app",
      "provider": "provider[\"registry.terraform.io/hashicorp/aws\"]",
      "instances": [
        {
          "schema_version": 0,
          "attributes": {
            "arn": "arn:aws:ecr:us-east-1:045861053872:repository/hero-api-assessment",
            "encryption_configuration": [
              {
                "encryption_type": "AES256",
                "kms_key": ""
              }
            ],
            "force_delete": true,
            "id": "hero-api-assessment",
            "image_scanning_configuration": [
              {
                "scan_on_push": true
              }
            ],
            "image_tag_mutability": "MUTABLE",
            "image_tag_mutability_exclusion_filter": [],
            "name": "hero-api-assessment",
            "region": "us-east-1",
            "registry_id": "045861053872",
            "repository_url": "045861053872.dkr.ecr.us-east-1.amazonaws.com/hero-api-assessment",
            "tags": null,
            "tags_all": {
              "Environment": "assessment",
              "ManagedBy": "terraform",
              "Project": "hero-api"
            },
            "timeouts": null
          },
          "sensitive_attributes": [],
          "identity_schema_version": 0,
          "identity": {
            "account_id": "045861053872",
            "name": "hero-api-assessment",
            "region": "us-east-1"
          },
          "private": "eyJlMmJmYjczMC1lY2FhLTExZTYtOGY4OC0zNDM2M2JjN2M0YzAiOnsiZGVsZXRlIjoxMjAwMDAwMDAwMDAwfX0="
        }
      ]
    }
  ],
  "check_results": [
    {
      "object_kind": "var",
      "config_addr": "var.aws_region",
      "status": "pass",
      "objects": [
        {
          "object_addr": "var.aws_region",
          "status": "pass"
        }
      ]
    },
    {
      "object_kind": "var",
      "config_addr": "var.az_count",
      "status": "unknown",
      "objects": null
    }
  ]
}
